{
  "version": 4,
  "terraform_version": "1.0.3",
  "serial": 21,
  "lineage": "773f56a0-a7c6-ee3f-7086-ff1d98ac2ab5",
  "outputs": {
    "s3_bucket_name": {
      "value": "my-s3bucket-20210805095930362300000001",
      "type": "string"
    },
    "s3_bucket_region": {
      "value": "eu-west-3",
      "type": "string"
    }
  },
  "resources": [
    {
      "mode": "managed",
      "type": "aws_instance",
      "name": "ec2_doctolib",
      "provider": "provider[\"registry.terraform.io/hashicorp/aws\"]",
      "instances": [
        {
          "schema_version": 1,
          "attributes": {
            "ami": "ami-0f7cd40eac2214b37",
            "arn": "arn:aws:ec2:eu-west-3:848022266786:instance/i-08f3dfdd4e5f49c5f",
            "associate_public_ip_address": true,
            "availability_zone": "eu-west-3b",
            "capacity_reservation_specification": [
              {
                "capacity_reservation_preference": "open",
                "capacity_reservation_target": []
              }
            ],
            "cpu_core_count": 1,
            "cpu_threads_per_core": 1,
            "credit_specification": [
              {
                "cpu_credits": "standard"
              }
            ],
            "disable_api_termination": false,
            "ebs_block_device": [],
            "ebs_optimized": false,
            "enclave_options": [
              {
                "enabled": false
              }
            ],
            "ephemeral_block_device": [],
            "get_password_data": false,
            "hibernation": false,
            "host_id": null,
            "iam_instance_profile": "",
            "id": "i-08f3dfdd4e5f49c5f",
            "instance_initiated_shutdown_behavior": "stop",
            "instance_state": "running",
            "instance_type": "t2.micro",
            "ipv6_address_count": 0,
            "ipv6_addresses": [],
            "key_name": "",
            "launch_template": [],
            "metadata_options": [
              {
                "http_endpoint": "enabled",
                "http_put_response_hop_limit": 1,
                "http_tokens": "optional"
              }
            ],
            "monitoring": false,
            "network_interface": [],
            "outpost_arn": "",
            "password_data": "",
            "placement_group": "",
            "primary_network_interface_id": "eni-0df72d1d66eb81e12",
            "private_dns": "ip-172-31-19-17.eu-west-3.compute.internal",
            "private_ip": "172.31.19.17",
            "public_dns": "ec2-35-181-63-99.eu-west-3.compute.amazonaws.com",
            "public_ip": "35.181.63.99",
            "root_block_device": [
              {
                "delete_on_termination": true,
                "device_name": "/dev/sda1",
                "encrypted": false,
                "iops": 100,
                "kms_key_id": "",
                "tags": {},
                "throughput": 0,
                "volume_id": "vol-003a957891d83a924",
                "volume_size": 8,
                "volume_type": "gp2"
              }
            ],
            "secondary_private_ips": [],
            "security_groups": [
              "default"
            ],
            "source_dest_check": true,
            "subnet_id": "subnet-6c161e17",
            "tags": {
              "Name": "doctolib-ec2"
            },
            "tags_all": {
              "Name": "doctolib-ec2"
            },
            "tenancy": "default",
            "timeouts": null,
            "user_data": null,
            "user_data_base64": null,
            "volume_tags": null,
            "vpc_security_group_ids": [
              "sg-ab930ad2"
            ]
          },
          "sensitive_attributes": [],
          "private": "eyJlMmJmYjczMC1lY2FhLTExZTYtOGY4OC0zNDM2M2JjN2M0YzAiOnsiY3JlYXRlIjo2MDAwMDAwMDAwMDAsImRlbGV0ZSI6MTIwMDAwMDAwMDAwMCwidXBkYXRlIjo2MDAwMDAwMDAwMDB9LCJzY2hlbWFfdmVyc2lvbiI6IjEifQ=="
        }
      ]
    },
    {
      "mode": "managed",
      "type": "aws_key_pair",
      "name": "kp-doctolib",
      "provider": "provider[\"registry.terraform.io/hashicorp/aws\"]",
      "instances": [
        {
          "schema_version": 1,
          "attributes": {
            "arn": "arn:aws:ec2:eu-west-3:848022266786:key-pair/doctolib-public-key",
            "fingerprint": "40:48:4f:27:91:33:91:df:f3:e1:be:a5:11:f1:a0:a2",
            "id": "doctolib-public-key",
            "key_name": "doctolib-public-key",
            "key_name_prefix": null,
            "key_pair_id": "key-07f48d56789c12d86",
            "public_key": "ssh-rsa AAAAB3NzaC1yc2EAAAADAQABAAACAQDq0YrveIdH7FW3egUiFdvZKVTK2rhM76M4BA68JG5fIM9BsyFOiRxh/fSyDpA7V0iGrWJUqEmQJTvun7N5R9HtCp4oEM0bZrf47gvpEE3Tbsps9CZV9cr5Rg9X26wtFeQv4PFQECX++xpbUcn7YEtl+ENheAsLTjm8+vCy2EDTxpOTeM+S/fAgfPfVH7vDyRzFWJD5O2ZJKUoxXdhQMEZrmVTk3LDYDFuU8P+WW1Rdr6gDW+yJPfzYDhsuQztw5EIK8kadFQcNEENWqLhkx6K9UeY7O4uXwsjagHMgeadLtVrrUZggWRif1vcyhU0/+kl0zxelEVWsg9SCtF2LlqV7jO4p1nXc3Yo21lLO2Sv+LZa0KEKQtZN9MQxTKk3GSBzdi/cE/AG9cu/LUX4eop0hPtimt6gqjIqlnF7JlOxIBI1QDCKXu6qOWKnF7dfSWX3wV48EZfxt3Iq20e7Ksm88JnT/y300DsrDEyW3vKPyvSB9HowN9duyFRzoNC3r+xnb9tRLpWf6tEvby9gkiXOC8spT4SOLVzhD1IOGGVw16ag5Ucd9izt74pGD0wEKyRa0esgRmSa0liQ3P6zpmHhN71MeXxm29kGV6YTaa0mR/czfIqgAd7+Zqp+Z525uS2Ygust4KlNrV5c2NHQw+TZjqrWPoT0zGbQf2VH4qYdjlw==",
            "tags": {},
            "tags_all": {}
          },
          "sensitive_attributes": [],
          "private": "eyJzY2hlbWFfdmVyc2lvbiI6IjEifQ==",
          "dependencies": [
            "tls_private_key.pk"
          ]
        }
      ]
    },
    {
      "mode": "managed",
      "type": "aws_s3_bucket",
      "name": "my-s3-bucket",
      "provider": "provider[\"registry.terraform.io/hashicorp/aws\"]",
      "instances": [
        {
          "schema_version": 0,
          "attributes": {
            "acceleration_status": "",
            "acl": "private",
            "arn": "arn:aws:s3:::my-s3bucket-20210805095930362300000001",
            "bucket": "my-s3bucket-20210805095930362300000001",
            "bucket_domain_name": "my-s3bucket-20210805095930362300000001.s3.amazonaws.com",
            "bucket_prefix": "my-s3bucket-",
            "bucket_regional_domain_name": "my-s3bucket-20210805095930362300000001.s3.eu-west-3.amazonaws.com",
            "cors_rule": [],
            "force_destroy": false,
            "grant": [],
            "hosted_zone_id": "Z3R1K369G5AVDG",
            "id": "my-s3bucket-20210805095930362300000001",
            "lifecycle_rule": [],
            "logging": [],
            "object_lock_configuration": [],
            "policy": null,
            "region": "eu-west-3",
            "replication_configuration": [],
            "request_payer": "BucketOwner",
            "server_side_encryption_configuration": [],
            "tags": {
              "environment": "DEV",
              "terraform": "true"
            },
            "tags_all": {
              "environment": "DEV",
              "terraform": "true"
            },
            "versioning": [
              {
                "enabled": true,
                "mfa_delete": false
              }
            ],
            "website": [],
            "website_domain": null,
            "website_endpoint": null
          },
          "sensitive_attributes": [],
          "private": "bnVsbA=="
        }
      ]
    },
    {
      "mode": "managed",
      "type": "aws_s3_bucket_object",
      "name": "can_be_written",
      "provider": "provider[\"registry.terraform.io/hashicorp/aws\"]",
      "instances": [
        {
          "schema_version": 0,
          "attributes": {
            "acl": "private",
            "bucket": "my-s3bucket-20210805095930362300000001",
            "bucket_key_enabled": false,
            "cache_control": "",
            "content": null,
            "content_base64": null,
            "content_disposition": "",
            "content_encoding": "",
            "content_language": "",
            "content_type": "binary/octet-stream",
            "etag": "d41d8cd98f00b204e9800998ecf8427e",
            "force_destroy": false,
            "id": "can_be_written/",
            "key": "can_be_written/",
            "kms_key_id": null,
            "metadata": {},
            "object_lock_legal_hold_status": "",
            "object_lock_mode": "",
            "object_lock_retain_until_date": "",
            "server_side_encryption": "",
            "source": "/dev/null",
            "source_hash": null,
            "storage_class": "STANDARD",
            "tags": {},
            "tags_all": {},
            "version_id": "9Pol9dt1ssvEDQdRbDTd4dLF4tQ3fRum",
            "website_redirect": ""
          },
          "sensitive_attributes": [],
          "private": "bnVsbA==",
          "dependencies": [
            "aws_s3_bucket.my-s3-bucket"
          ]
        }
      ]
    },
    {
      "mode": "managed",
      "type": "aws_s3_bucket_public_access_block",
      "name": "block_public_acl",
      "provider": "provider[\"registry.terraform.io/hashicorp/aws\"]",
      "instances": [
        {
          "schema_version": 0,
          "attributes": {
            "block_public_acls": true,
            "block_public_policy": true,
            "bucket": "my-s3bucket-20210805095930362300000001",
            "id": "my-s3bucket-20210805095930362300000001",
            "ignore_public_acls": false,
            "restrict_public_buckets": false
          },
          "sensitive_attributes": [],
          "private": "bnVsbA==",
          "dependencies": [
            "aws_s3_bucket.my-s3-bucket"
          ]
        }
      ]
    },
    {
      "mode": "managed",
      "type": "docker_container",
      "name": "nginx",
      "provider": "provider[\"registry.terraform.io/kreuzwerker/docker\"]",
      "instances": [
        {
          "schema_version": 2,
          "attributes": {
            "attach": false,
            "bridge": "",
            "capabilities": [],
            "command": [
              "nginx",
              "-g",
              "daemon off;"
            ],
            "container_logs": null,
            "cpu_set": "",
            "cpu_shares": 0,
            "destroy_grace_seconds": null,
            "devices": [],
            "dns": null,
            "dns_opts": null,
            "dns_search": null,
            "domainname": "",
            "entrypoint": [
              "/docker-entrypoint.sh"
            ],
            "env": [],
            "exit_code": null,
            "gateway": "172.17.0.1",
            "group_add": null,
            "healthcheck": null,
            "host": [],
            "hostname": "4c81e35ec037",
            "id": "4c81e35ec0372cdf9ff91ee2bee30a0f3ed9a74bdda08f31d8d3c768204f1a3c",
            "image": "sha256:08b152afcfae220e9709f00767054b824361c742ea03a9fe936271ba520a0a4b",
            "init": false,
            "ip_address": "172.17.0.2",
            "ip_prefix_length": 16,
            "ipc_mode": "private",
            "labels": [],
            "links": null,
            "log_driver": "json-file",
            "log_opts": null,
            "logs": false,
            "max_retry_count": 0,
            "memory": 0,
            "memory_swap": 0,
            "mounts": [],
            "must_run": true,
            "name": "doctolib-q4",
            "network_alias": null,
            "network_data": [
              {
                "gateway": "172.17.0.1",
                "global_ipv6_address": "",
                "global_ipv6_prefix_length": 0,
                "ip_address": "172.17.0.2",
                "ip_prefix_length": 16,
                "ipv6_gateway": "",
                "network_name": "bridge"
              }
            ],
            "network_mode": "default",
            "networks": null,
            "networks_advanced": [],
            "pid_mode": "",
            "ports": [
              {
                "external": 8000,
                "internal": 80,
                "ip": "0.0.0.0",
                "protocol": "tcp"
              }
            ],
            "privileged": false,
            "publish_all_ports": false,
            "read_only": false,
            "remove_volumes": true,
            "restart": "no",
            "rm": false,
            "security_opts": [],
            "shm_size": 64,
            "start": true,
            "stdin_open": false,
            "sysctls": null,
            "tmpfs": null,
            "tty": false,
            "ulimit": [],
            "upload": [],
            "user": "",
            "userns_mode": "",
            "volumes": [],
            "working_dir": ""
          },
          "sensitive_attributes": [],
          "private": "eyJzY2hlbWFfdmVyc2lvbiI6IjIifQ==",
          "dependencies": [
            "docker_image.nginx"
          ]
        }
      ]
    },
    {
      "mode": "managed",
      "type": "docker_image",
      "name": "nginx",
      "provider": "provider[\"registry.terraform.io/kreuzwerker/docker\"]",
      "instances": [
        {
          "schema_version": 0,
          "attributes": {
            "build": [],
            "force_remove": null,
            "id": "sha256:08b152afcfae220e9709f00767054b824361c742ea03a9fe936271ba520a0a4bnginx:latest",
            "keep_locally": false,
            "latest": "sha256:08b152afcfae220e9709f00767054b824361c742ea03a9fe936271ba520a0a4b",
            "name": "nginx:latest",
            "output": null,
            "pull_trigger": null,
            "pull_triggers": null,
            "repo_digest": "nginx@sha256:8f335768880da6baf72b70c701002b45f4932acae8d574dedfddaf967fc3ac90"
          },
          "sensitive_attributes": [],
          "private": "bnVsbA=="
        }
      ]
    },
    {
      "mode": "managed",
      "type": "tls_private_key",
      "name": "pk",
      "provider": "provider[\"registry.terraform.io/hashicorp/tls\"]",
      "instances": [
        {
          "schema_version": 0,
          "attributes": {
            "algorithm": "RSA",
            "ecdsa_curve": "P224",
            "id": "f2f587b03fad7155e1d244bef29c9c3e0293ce66",
            "private_key_pem": "-----BEGIN RSA PRIVATE KEY-----\nMIIJKgIBAAKCAgEA6tGK73iHR+xVt3oFIhXb2SlUytq4TO+jOAQOvCRuXyDPQbMh\nTokcYf30sg6QO1dIhq1iVKhJkCU77p+zeUfR7QqeKBDNG2a3+O4L6RBN027KbPQm\nVfXK+UYPV9usLRXkL+DxUBAl/vsaW1HJ+2BLZfhDYXgLC045vPrwsthA08aTk3jP\nkv3wIHz31R+7w8kcxViQ+TtmSSlKMV3YUDBGa5lU5Nyw2AxblPD/lltUXa+oA1vs\niT382A4bLkM7cORCCvJGnRUHDRBDVqi4ZMeivVHmOzuLl8LI2oBzIHmnS7Va61GY\nIFkYn9b3MoVNP/pJdM8XpRFVrIPUgrRdi5ale4zuKdZ13N2KNtZSztkr/i2WtChC\nkLWTfTEMUypNxkgc3Yv3BPwBvXLvy1F+HqKdIT7YpreoKoyKpZxeyZTsSASNUAwi\nl7uqjlipxe3X0ll98FePBGX8bdyKttHuyrJvPCZ0/8t9NA7KwxMlt7yj8r0gfR6M\nDfXbshUc6DQt6/sZ2/bUS6Vn+rRL28vYJIlzgvLKU+Eji1c4Q9SDhhlcNemoOVHH\nfYs7e+KRg9MBCskWtHrIEZkmtJYkNz+s6Zh4Te9THl8ZtvZBlemE2mtJkf3M3yKo\nAHe/maqfmedubktmILrLeCpTa1eXNjR0MPk2Y6q1j6E9Mxm0H9lR+KmHY5cCAwEA\nAQKCAgEAmsgau7UH/xnCepl8zrX335JF6Rz5BQWk4eSSzeN5uUzIMPdhigII6nLa\nm4/L9MGY9eVN/p2bN9/DPIyaYeQ8dPJdw+0nNdukgvpucWck1aye0+ivaFQHQf6z\nWGdde66FZiXxCqRKV2OvQOiNqhwUNxfJWnMlXINova/vfwPa331yg2/L64llghS9\nzAcJ3okvZMn3bcGAr9L+q8G/N0RK9tvwQJdUHmUu7ONapgJ3fvWtWuF57hElHElY\nE0uP398lxU9jymE076B7sqCuQwfwtrhIeVzLq/JiMN0ghhSKePYHAzwaeaAhAiNR\neESz4esaBlwHqu/dOEUBjFJVoxBe7Ol8ylIQofINjnYxWdN12CR+EnGqUJWc8T5M\nwEsXpPX1MzaTDOnulurdJJRIopwPUyPLZIUq/YyeKKJEty26vcg7TNHNml/HKjbE\n+ingYTJ2Fc/heCjFETENAY28lVaJdHgzuXbUQ37JIRZfTBsPaxfAq30VIg500qij\nUUsBthjKD03rV5NdrBbWPQlyYnpTT3W9awmHOeTKftK/NrRoO8C6ZpBtNCWoxvOZ\nUTBhRyrCXLG27xXTr5J5s3G/gFEywzAbdIcXCWQvfiP9jttFEsu7rQWYTqP2Zdnk\nRt0OPBPpXiyfm6S5mY1PKseXsHRsKjDFu9hoqn40gBYsoAabGukCggEBAPgyyAT/\nSBsTPJURDBPoMOo+vd00ZA966/2BaYe0xIo7wzfiuwdAjZenxV76GXY9wwgQXemT\n51O1wRcrqg/lxEJPB1YWi+iHIYonElV8NlFkeli4gAS3YHtfAxYdyxMNV/qQx5md\nhwjw/cscUg21QOOeMj+j8lBjIM15MojMV8tB4R6YNrmf8c8PnkdlituvGttzhrNz\ngB/8HfOil4Ttd+DP+teWXNtlheA2ZKzV8C9D47H/VxJMlN8vTyZ1+hTHav7F3K1Q\nWFjVrcFXxNOoFkY/saPo/aNsZ1ZAX3WJQQzjU6aDlZsPdU8h7Ld0PJPxvUcSa2zG\nV2u811liZIPaWtMCggEBAPIzGHvqMtJKUNGCnZRoCsMB7ATZyVok+Ka0LySTC3yM\np8pzZ72V/6nDRtvgerHknsunXP3kvj/YCC/PGbKV4wa8eq9cJdH0tb03mFMDhijT\n0ndIlOyShh9WP2UL0fetEDjPJHm8GxBJ54Nm16tF3b+4WsEJHwtgUsNYoHhSeoet\nySYZbdlovCruB2P89OBuLX/4aZdfG+vV2T9AQAAP5pGtNQ5PLmgQ0KSlQIbHOQlz\nGd0zmzoKLpB+sao5xhfP+/LLQFcRLD98+NR77ngufNUN9uD/kXTO+C5rtEDPHn/Q\nQplaEgyTmYumqBTexLhAydhgD4cu5IEU/SPSpX9QEa0CggEBAMZOdKghe/A+F3qX\nC0pgi6ytgq/aK1R/B00eeD34fcxg4aKmYn7x4e/ZGYbAV1W1FT49LXvyM7MblnK3\n7YIUOBIu6JKtIw4f4flrLGfm/dNcb7CxgX/DMLCCAopKNbY8RB4sTX58cacAPhdp\nwlm3h2gWPtnAWVxHR69Edc79TexV79OtFJSNqfuh4/nxtNe/+bp7fJWm5CkqHJhM\nQbnwroaORkK4neqiHCw/6YJ60RRCrwvKEzzIuW31c80sGCtABkoXtzE278/Ssqi3\nQslGFL3+KCXpg7ZuZ8ZvWpYjmzj77RsvKXqiCD24wlT152zhijTeD7zyYGjxkjKV\nve/nqAcCggEBAIGt3gQrB38VD2S+PMVDV8/F7atDOM4tUX1gqIU6vkG3xfdeB0O5\nVqR8zCnabZdmQ6fjOqUunrbsYqXGi4nVOzNWI5JVEmLyVYS0ibiZAHJHyD7Z+/MX\nGP0aXuMpiwjD/xWLw4nyr8Lu7yiqHfu0cuC+QslsqtSahHXXtEP4VWbkI/lkUC7C\nJ04NGKPuwuaP14jXZyIHaJnDbIizTBE8ckW5qdi5iK1ro2skmAISFXX7zPNlOE3B\nOeFgFJyCRpBlag87yH1V0o1Dyq9qk+qBaZFh4rfh3u3eC4A/Zsn0m+3vglk9osBd\nHy9o0kIqbMYC2pAiDu5gqzR6Gnfdx4L9ShkCggEAL+qESxfSZZg+ANHdcsqXnv/y\nF5Xz51oe2asCHuU+nNXb+PkeURkC0SkUYqrlBrt8HIYqdZEQY3VL67AgMRatSvLQ\nzmRUKBaY99rUu9Uc6J8QmYst0PJag1VwRIsFBdbWRxcfCVOVKUItyvUqo3BrcG2b\nNYSxjL3+tagCjtU5WesqZ1x3nvV0UOP9x2tenolnUbbvECiC3/0jobLAq+5DUyp5\npgyjROaxAQXKvzKxgoHqyE8UAeARDolKeuXE0CfJpRiJ5KECfzDMeYAQq2LxqIvo\nfBMMrt6lI6aApd48n2SloeLr2ZEEY1Kl4Q9UhQMWnl0HI3nfBOo+Kz8WX3ymuQ==\n-----END RSA PRIVATE KEY-----\n",
            "public_key_fingerprint_md5": "0c:a5:a9:52:d7:46:43:31:40:24:f5:28:e7:9e:b6:bc",
            "public_key_openssh": "ssh-rsa AAAAB3NzaC1yc2EAAAADAQABAAACAQDq0YrveIdH7FW3egUiFdvZKVTK2rhM76M4BA68JG5fIM9BsyFOiRxh/fSyDpA7V0iGrWJUqEmQJTvun7N5R9HtCp4oEM0bZrf47gvpEE3Tbsps9CZV9cr5Rg9X26wtFeQv4PFQECX++xpbUcn7YEtl+ENheAsLTjm8+vCy2EDTxpOTeM+S/fAgfPfVH7vDyRzFWJD5O2ZJKUoxXdhQMEZrmVTk3LDYDFuU8P+WW1Rdr6gDW+yJPfzYDhsuQztw5EIK8kadFQcNEENWqLhkx6K9UeY7O4uXwsjagHMgeadLtVrrUZggWRif1vcyhU0/+kl0zxelEVWsg9SCtF2LlqV7jO4p1nXc3Yo21lLO2Sv+LZa0KEKQtZN9MQxTKk3GSBzdi/cE/AG9cu/LUX4eop0hPtimt6gqjIqlnF7JlOxIBI1QDCKXu6qOWKnF7dfSWX3wV48EZfxt3Iq20e7Ksm88JnT/y300DsrDEyW3vKPyvSB9HowN9duyFRzoNC3r+xnb9tRLpWf6tEvby9gkiXOC8spT4SOLVzhD1IOGGVw16ag5Ucd9izt74pGD0wEKyRa0esgRmSa0liQ3P6zpmHhN71MeXxm29kGV6YTaa0mR/czfIqgAd7+Zqp+Z525uS2Ygust4KlNrV5c2NHQw+TZjqrWPoT0zGbQf2VH4qYdjlw==\n",
            "public_key_pem": "-----BEGIN PUBLIC KEY-----\nMIICIjANBgkqhkiG9w0BAQEFAAOCAg8AMIICCgKCAgEA6tGK73iHR+xVt3oFIhXb\n2SlUytq4TO+jOAQOvCRuXyDPQbMhTokcYf30sg6QO1dIhq1iVKhJkCU77p+zeUfR\n7QqeKBDNG2a3+O4L6RBN027KbPQmVfXK+UYPV9usLRXkL+DxUBAl/vsaW1HJ+2BL\nZfhDYXgLC045vPrwsthA08aTk3jPkv3wIHz31R+7w8kcxViQ+TtmSSlKMV3YUDBG\na5lU5Nyw2AxblPD/lltUXa+oA1vsiT382A4bLkM7cORCCvJGnRUHDRBDVqi4ZMei\nvVHmOzuLl8LI2oBzIHmnS7Va61GYIFkYn9b3MoVNP/pJdM8XpRFVrIPUgrRdi5al\ne4zuKdZ13N2KNtZSztkr/i2WtChCkLWTfTEMUypNxkgc3Yv3BPwBvXLvy1F+HqKd\nIT7YpreoKoyKpZxeyZTsSASNUAwil7uqjlipxe3X0ll98FePBGX8bdyKttHuyrJv\nPCZ0/8t9NA7KwxMlt7yj8r0gfR6MDfXbshUc6DQt6/sZ2/bUS6Vn+rRL28vYJIlz\ngvLKU+Eji1c4Q9SDhhlcNemoOVHHfYs7e+KRg9MBCskWtHrIEZkmtJYkNz+s6Zh4\nTe9THl8ZtvZBlemE2mtJkf3M3yKoAHe/maqfmedubktmILrLeCpTa1eXNjR0MPk2\nY6q1j6E9Mxm0H9lR+KmHY5cCAwEAAQ==\n-----END PUBLIC KEY-----\n",
            "rsa_bits": 4096
          },
          "sensitive_attributes": [],
          "private": "bnVsbA=="
        }
      ]
    }
  ]
}
